
Microsoft Visual Studio Solution File, Format Version 12.00
# Visual Studio Version 17
VisualStudioVersion = 17.3.32922.545
MinimumVisualStudioVersion = 10.0.40219.1
Project("{FAE04EC0-301F-11D3-BF4B-00C04F79EFBC}") = "tema 4 acasa", "tema 4 acasa\tema 4 acasa.csproj", "{35B4353C-96B6-479F-BEBA-A3A421F3CE33}"
EndProject
Global
	GlobalSection(SolutionConfigurationPlatforms) = preSolution
		Debug|Any CPU = Debug|Any CPU
		Release|Any CPU = Release|Any CPU
	EndGlobalSection
	GlobalSection(ProjectConfigurationPlatforms) = postSolution
		{35B4353C-96B6-479F-BEBA-A3A421F3CE33}.Debug|Any CPU.ActiveCfg = Debug|Any CPU
		{35B4353C-96B6-479F-BEBA-A3A421F3CE33}.Debug|Any CPU.Build.0 = Debug|Any CPU
		{35B4353C-96B6-479F-BEBA-A3A421F3CE33}.Release|Any CPU.ActiveCfg = Release|Any CPU
		{35B4353C-96B6-479F-BEBA-A3A421F3CE33}.Release|Any CPU.Build.0 = Release|Any CPU
	EndGlobalSection
	GlobalSection(SolutionProperties) = preSolution
		HideSolutionNode = FALSE
	EndGlobalSection
	GlobalSection(ExtensibilityGlobals) = postSolution
		SolutionGuid = {714B0468-9CFF-4F69-999A-F2956F5C4DEC}
	EndGlobalSection
EndGlobal
